
Microsoft Visual Studio Solution File, Format Version 12.00
# Visual Studio Express 2012 for Web
Project("{FAE04EC0-301F-11D3-BF4B-00C04F79EFBC}") = "ProjectBelle", "ProjectBelle.csproj", "{3B20D21D-E280-431A-AFEC-1E31BEF30066}"
EndProject
Global
	GlobalSection(SolutionConfigurationPlatforms) = preSolution
		Debug|Any CPU = Debug|Any CPU
		Release|Any CPU = Release|Any CPU
	EndGlobalSection
	GlobalSection(ProjectConfigurationPlatforms) = postSolution
		{3B20D21D-E280-431A-AFEC-1E31BEF30066}.Debug|Any CPU.ActiveCfg = Debug|Any CPU
		{3B20D21D-E280-431A-AFEC-1E31BEF30066}.Debug|Any CPU.Build.0 = Debug|Any CPU
		{3B20D21D-E280-431A-AFEC-1E31BEF30066}.Release|Any CPU.ActiveCfg = Release|Any CPU
		{3B20D21D-E280-431A-AFEC-1E31BEF30066}.Release|Any CPU.Build.0 = Release|Any CPU
	EndGlobalSection
	GlobalSection(SolutionProperties) = preSolution
		HideSolutionNode = FALSE
	EndGlobalSection
EndGlobal
